
Microsoft Visual Studio Solution File, Format Version 12.00
# Visual Studio Version 17
VisualStudioVersion = 17.14.36414.22 d17.14
MinimumVisualStudioVersion = 10.0.40219.1
Project("{FAE04EC0-301F-11D3-BF4B-00C04F79EFBC}") = "Agrine.Core", "Agrine.Core\Agrine.Core.csproj", "{13084520-110E-4B5A-B090-E7CB74285503}"
EndProject
Global
	GlobalSection(SolutionConfigurationPlatforms) = preSolution
		Debug|Any CPU = Debug|Any CPU
		Release|Any CPU = Release|Any CPU
	EndGlobalSection
	GlobalSection(ProjectConfigurationPlatforms) = postSolution
		{13084520-110E-4B5A-B090-E7CB74285503}.Debug|Any CPU.ActiveCfg = Debug|Any CPU
		{13084520-110E-4B5A-B090-E7CB74285503}.Debug|Any CPU.Build.0 = Debug|Any CPU
		{13084520-110E-4B5A-B090-E7CB74285503}.Release|Any CPU.ActiveCfg = Release|Any CPU
		{13084520-110E-4B5A-B090-E7CB74285503}.Release|Any CPU.Build.0 = Release|Any CPU
	EndGlobalSection
	GlobalSection(SolutionProperties) = preSolution
		HideSolutionNode = FALSE
	EndGlobalSection
	GlobalSection(ExtensibilityGlobals) = postSolution
		SolutionGuid = {45D9E413-6DA6-4201-A189-33627EA836DB}
	EndGlobalSection
EndGlobal
