<?xml version="1.0" encoding="utf-8"?>
<Project ToolsVersion="4.0" xmlns="http://schemas.microsoft.com/developer/msbuild/2003">
  <ItemGroup>
    <Filter Include="Source Files">
      <UniqueIdentifier>{4FC737F1-C7A5-4376-A066-2A32D752A2FF}</UniqueIdentifier>
      <Extensions>cpp;c;cc;cxx;c++;cppm;ixx;def;odl;idl;hpj;bat;asm;asmx</Extensions>
    </Filter>
    <Filter Include="Header Files">
      <UniqueIdentifier>{93995380-89BD-4b04-88EB-625FBE52EBFB}</UniqueIdentifier>
      <Extensions>h;hh;hpp;hxx;h++;hm;inl;inc;ipp;xsd</Extensions>
    </Filter>
    <Filter Include="Resource Files">
      <UniqueIdentifier>{67DA6AB6-F800-4c08-8B7A-83BB121AAD01}</UniqueIdentifier>
      <Extensions>rc;ico;cur;bmp;dlg;rc2;rct;bin;rgs;gif;jpg;jpeg;jpe;resx;tiff;tif;png;wav;mfcribbon-ms</Extensions>
    </Filter>
    <Filter Include="Header Files\Core">
      <UniqueIdentifier>{e6a1b8b6-13c6-4a5b-afa6-541888dd1c27}</UniqueIdentifier>
    </Filter>
    <Filter Include="Header Files\Algebra">
      <UniqueIdentifier>{2d008932-3cfa-4cec-9b0f-60d6665a4d68}</UniqueIdentifier>
    </Filter>
    <Filter Include="Header Files\Calculus">
      <UniqueIdentifier>{259a7768-8269-4ad1-b754-ceb0c9438006}</UniqueIdentifier>
    </Filter>
    <Filter Include="Header Files\Geometry">
      <UniqueIdentifier>{81954f64-5688-46b7-a110-c054947e03b8}</UniqueIdentifier>
    </Filter>
    <Filter Include="Header Files\Probability">
      <UniqueIdentifier>{a75eca84-4fc8-4f67-a756-1d1d6ca32dc2}</UniqueIdentifier>
    </Filter>
    <Filter Include="Header Files\Advanced">
      <UniqueIdentifier>{60453264-89a2-4edb-832e-1bb97a1a6ebd}</UniqueIdentifier>
    </Filter>
    <Filter Include="Source Files\Algebra">
      <UniqueIdentifier>{4600f22c-aa14-43b6-9300-871c1804a5e2}</UniqueIdentifier>
    </Filter>
    <Filter Include="Source Files\Calculus">
      <UniqueIdentifier>{67d6f0d3-c224-4ffb-a23c-79214c94acee}</UniqueIdentifier>
    </Filter>
    <Filter Include="Source Files\Probability">
      <UniqueIdentifier>{6a6f1b33-47f7-4add-9538-0d9bace26c31}</UniqueIdentifier>
    </Filter>
    <Filter Include="Source Files\Advanced">
      <UniqueIdentifier>{10584255-5606-480e-af14-1da54af80e6e}</UniqueIdentifier>
    </Filter>
    <Filter Include="Source Files\Geometry">
      <UniqueIdentifier>{e070783d-55e8-44e1-bfa5-aa0a1e9bca39}</UniqueIdentifier>
    </Filter>
  </ItemGroup>
  <ItemGroup>
    <ClInclude Include="Agrine.Math.h">
      <Filter>Header Files</Filter>
    </ClInclude>
    <ClInclude Include="Resource.h">
      <Filter>Header Files</Filter>
    </ClInclude>
    <ClInclude Include="pch.h">
      <Filter>Header Files</Filter>
    </ClInclude>
    <ClInclude Include="Types.h">
      <Filter>Header Files\Core</Filter>
    </ClInclude>
    <ClInclude Include="Constants.h">
      <Filter>Header Files\Core</Filter>
    </ClInclude>
    <ClInclude Include="Utils.h">
      <Filter>Header Files\Core</Filter>
    </ClInclude>
    <ClInclude Include="Exceptions.h">
      <Filter>Header Files\Core</Filter>
    </ClInclude>
    <ClInclude Include="Vector.h">
      <Filter>Header Files\Algebra</Filter>
    </ClInclude>
    <ClInclude Include="Matrix.h">
      <Filter>Header Files\Algebra</Filter>
    </ClInclude>
    <ClInclude Include="Polynomial.h">
      <Filter>Header Files\Algebra</Filter>
    </ClInclude>
    <ClInclude Include="Differentiation.h">
      <Filter>Header Files\Calculus</Filter>
    </ClInclude>
    <ClInclude Include="Integration.h">
      <Filter>Header Files\Calculus</Filter>
    </ClInclude>
    <ClInclude Include="Series.h">
      <Filter>Header Files\Calculus</Filter>
    </ClInclude>
    <ClInclude Include="DiffEq.h">
      <Filter>Header Files\Calculus</Filter>
    </ClInclude>
    <ClInclude Include="Euclidean.h">
      <Filter>Header Files\Geometry</Filter>
    </ClInclude>
    <ClInclude Include="Analytic.h">
      <Filter>Header Files\Geometry</Filter>
    </ClInclude>
    <ClInclude Include="Computational.h">
      <Filter>Header Files\Geometry</Filter>
    </ClInclude>
    <ClInclude Include="Topology.h">
      <Filter>Header Files\Geometry</Filter>
    </ClInclude>
    <ClInclude Include="Randgen.h">
      <Filter>Header Files\Probability</Filter>
    </ClInclude>
    <ClInclude Include="Distributions.h">
      <Filter>Header Files\Probability</Filter>
    </ClInclude>
    <ClInclude Include="Statistics.h">
      <Filter>Header Files\Probability</Filter>
    </ClInclude>
    <ClInclude Include="Fourier.h">
      <Filter>Header Files\Advanced</Filter>
    </ClInclude>
    <ClInclude Include="Laplace.h">
      <Filter>Header Files\Advanced</Filter>
    </ClInclude>
    <ClInclude Include="Complex.h">
      <Filter>Header Files\Advanced</Filter>
    </ClInclude>
    <ClInclude Include="Numerics.h">
      <Filter>Header Files\Advanced</Filter>
    </ClInclude>
    <ClInclude Include="Optimization.h">
      <Filter>Header Files\Advanced</Filter>
    </ClInclude>
  </ItemGroup>
  <ItemGroup>
    <ClCompile Include="Agrine.Math.cpp">
      <Filter>Source Files</Filter>
    </ClCompile>
    <ClCompile Include="AssemblyInfo.cpp">
      <Filter>Source Files</Filter>
    </ClCompile>
    <ClCompile Include="pch.cpp">
      <Filter>Source Files</Filter>
    </ClCompile>
    <ClCompile Include="Matrix.cpp">
      <Filter>Source Files\Algebra</Filter>
    </ClCompile>
    <ClCompile Include="Vector.cpp">
      <Filter>Source Files\Algebra</Filter>
    </ClCompile>
    <ClCompile Include="Polynomial.cpp">
      <Filter>Source Files\Algebra</Filter>
    </ClCompile>
    <ClCompile Include="DiffEq.cpp">
      <Filter>Source Files\Calculus</Filter>
    </ClCompile>
    <ClCompile Include="Differentiation.cpp">
      <Filter>Source Files\Calculus</Filter>
    </ClCompile>
    <ClCompile Include="Integration.cpp">
      <Filter>Source Files\Calculus</Filter>
    </ClCompile>
    <ClCompile Include="Series.cpp">
      <Filter>Source Files\Calculus</Filter>
    </ClCompile>
    <ClCompile Include="Complex.cpp">
      <Filter>Source Files\Advanced</Filter>
    </ClCompile>
    <ClCompile Include="Fourier.cpp">
      <Filter>Source Files\Advanced</Filter>
    </ClCompile>
    <ClCompile Include="Laplace.cpp">
      <Filter>Source Files\Advanced</Filter>
    </ClCompile>
    <ClCompile Include="Numerics.cpp">
      <Filter>Source Files\Advanced</Filter>
    </ClCompile>
    <ClCompile Include="Optimization.cpp">
      <Filter>Source Files\Advanced</Filter>
    </ClCompile>
  </ItemGroup>
  <ItemGroup>
    <ResourceCompile Include="app.rc">
      <Filter>Resource Files</Filter>
    </ResourceCompile>
  </ItemGroup>
  <ItemGroup>
    <Image Include="app.ico">
      <Filter>Resource Files</Filter>
    </Image>
  </ItemGroup>
</Project>